
Microsoft Visual Studio Solution File, Format Version 12.00
# Visual Studio Version 17
VisualStudioVersion = 17.4.33205.214
MinimumVisualStudioVersion = 10.0.40219.1
Project("{9A19103F-16F7-4668-BE54-9A1E7A4F7556}") = "1-Ornek-Northwind", "1-Ornek-Northwind\1-Ornek-Northwind.csproj", "{66D5CCB2-3AF4-4BD4-BAD3-1846D3533957}"
EndProject
Project("{9A19103F-16F7-4668-BE54-9A1E7A4F7556}") = "2-DB_Create_Ornek", "2-DB_Create_Ornek\2-DB_Create_Ornek.csproj", "{DAB6139D-CCE1-4B72-A89F-27D23000A445}"
EndProject
Project("{9A19103F-16F7-4668-BE54-9A1E7A4F7556}") = "3-NorthwindCompany", "3-NorthwindCompany\3-NorthwindCompany.csproj", "{DF0AAF4F-8FBE-4D71-BFD0-158C5C423EC4}"
EndProject
Project("{9A19103F-16F7-4668-BE54-9A1E7A4F7556}") = "4-KisiEkleme", "4-KisiEkleme\4-KisiEkleme.csproj", "{DBA68899-B95B-4F97-AFD8-26CDAF71BFB2}"
EndProject
Project("{FAE04EC0-301F-11D3-BF4B-00C04F79EFBC}") = "TelProject.UI", "4-EF-TelProject\TelProject.UI.csproj", "{E979ECDF-1B71-4B1B-83B0-1957D4807198}"
EndProject
Project("{2150E333-8FDC-42A3-9474-1A3956D46DE8}") = "5-EF-TelProject", "5-EF-TelProject", "{DF397B1B-E6C3-4A91-A123-E8DA055920B0}"
EndProject
Project("{FAE04EC0-301F-11D3-BF4B-00C04F79EFBC}") = "TelProject.DATA", "TelProject.DATA\TelProject.DATA.csproj", "{A50618C9-6BBE-47BC-9F9B-76912FD7D0DD}"
EndProject
Project("{FAE04EC0-301F-11D3-BF4B-00C04F79EFBC}") = "TelProject.DAL", "TelProject.DAL\TelProject.DAL.csproj", "{7CFF9470-8712-4C53-9793-90893DFEEF16}"
EndProject
Project("{FAE04EC0-301F-11D3-BF4B-00C04F79EFBC}") = "TelProject.BLL", "TelProject.BLL\TelProject.BLL.csproj", "{BD12D5AA-FDC5-4FBF-9A2E-B8C235A45F7E}"
EndProject
Global
	GlobalSection(SolutionConfigurationPlatforms) = preSolution
		Debug|Any CPU = Debug|Any CPU
		Release|Any CPU = Release|Any CPU
	EndGlobalSection
	GlobalSection(ProjectConfigurationPlatforms) = postSolution
		{66D5CCB2-3AF4-4BD4-BAD3-1846D3533957}.Debug|Any CPU.ActiveCfg = Debug|Any CPU
		{66D5CCB2-3AF4-4BD4-BAD3-1846D3533957}.Debug|Any CPU.Build.0 = Debug|Any CPU
		{66D5CCB2-3AF4-4BD4-BAD3-1846D3533957}.Release|Any CPU.ActiveCfg = Release|Any CPU
		{66D5CCB2-3AF4-4BD4-BAD3-1846D3533957}.Release|Any CPU.Build.0 = Release|Any CPU
		{DAB6139D-CCE1-4B72-A89F-27D23000A445}.Debug|Any CPU.ActiveCfg = Debug|Any CPU
		{DAB6139D-CCE1-4B72-A89F-27D23000A445}.Debug|Any CPU.Build.0 = Debug|Any CPU
		{DAB6139D-CCE1-4B72-A89F-27D23000A445}.Release|Any CPU.ActiveCfg = Release|Any CPU
		{DAB6139D-CCE1-4B72-A89F-27D23000A445}.Release|Any CPU.Build.0 = Release|Any CPU
		{DF0AAF4F-8FBE-4D71-BFD0-158C5C423EC4}.Debug|Any CPU.ActiveCfg = Debug|Any CPU
		{DF0AAF4F-8FBE-4D71-BFD0-158C5C423EC4}.Debug|Any CPU.Build.0 = Debug|Any CPU
		{DF0AAF4F-8FBE-4D71-BFD0-158C5C423EC4}.Release|Any CPU.ActiveCfg = Release|Any CPU
		{DF0AAF4F-8FBE-4D71-BFD0-158C5C423EC4}.Release|Any CPU.Build.0 = Release|Any CPU
		{DBA68899-B95B-4F97-AFD8-26CDAF71BFB2}.Debug|Any CPU.ActiveCfg = Debug|Any CPU
		{DBA68899-B95B-4F97-AFD8-26CDAF71BFB2}.Debug|Any CPU.Build.0 = Debug|Any CPU
		{DBA68899-B95B-4F97-AFD8-26CDAF71BFB2}.Release|Any CPU.ActiveCfg = Release|Any CPU
		{DBA68899-B95B-4F97-AFD8-26CDAF71BFB2}.Release|Any CPU.Build.0 = Release|Any CPU
		{E979ECDF-1B71-4B1B-83B0-1957D4807198}.Debug|Any CPU.ActiveCfg = Debug|Any CPU
		{E979ECDF-1B71-4B1B-83B0-1957D4807198}.Debug|Any CPU.Build.0 = Debug|Any CPU
		{E979ECDF-1B71-4B1B-83B0-1957D4807198}.Release|Any CPU.ActiveCfg = Release|Any CPU
		{E979ECDF-1B71-4B1B-83B0-1957D4807198}.Release|Any CPU.Build.0 = Release|Any CPU
		{A50618C9-6BBE-47BC-9F9B-76912FD7D0DD}.Debug|Any CPU.ActiveCfg = Debug|Any CPU
		{A50618C9-6BBE-47BC-9F9B-76912FD7D0DD}.Debug|Any CPU.Build.0 = Debug|Any CPU
		{A50618C9-6BBE-47BC-9F9B-76912FD7D0DD}.Release|Any CPU.ActiveCfg = Release|Any CPU
		{A50618C9-6BBE-47BC-9F9B-76912FD7D0DD}.Release|Any CPU.Build.0 = Release|Any CPU
		{7CFF9470-8712-4C53-9793-90893DFEEF16}.Debug|Any CPU.ActiveCfg = Debug|Any CPU
		{7CFF9470-8712-4C53-9793-90893DFEEF16}.Debug|Any CPU.Build.0 = Debug|Any CPU
		{7CFF9470-8712-4C53-9793-90893DFEEF16}.Release|Any CPU.ActiveCfg = Release|Any CPU
		{7CFF9470-8712-4C53-9793-90893DFEEF16}.Release|Any CPU.Build.0 = Release|Any CPU
		{BD12D5AA-FDC5-4FBF-9A2E-B8C235A45F7E}.Debug|Any CPU.ActiveCfg = Debug|Any CPU
		{BD12D5AA-FDC5-4FBF-9A2E-B8C235A45F7E}.Debug|Any CPU.Build.0 = Debug|Any CPU
		{BD12D5AA-FDC5-4FBF-9A2E-B8C235A45F7E}.Release|Any CPU.ActiveCfg = Release|Any CPU
		{BD12D5AA-FDC5-4FBF-9A2E-B8C235A45F7E}.Release|Any CPU.Build.0 = Release|Any CPU
	EndGlobalSection
	GlobalSection(SolutionProperties) = preSolution
		HideSolutionNode = FALSE
	EndGlobalSection
	GlobalSection(NestedProjects) = preSolution
		{E979ECDF-1B71-4B1B-83B0-1957D4807198} = {DF397B1B-E6C3-4A91-A123-E8DA055920B0}
		{A50618C9-6BBE-47BC-9F9B-76912FD7D0DD} = {DF397B1B-E6C3-4A91-A123-E8DA055920B0}
		{7CFF9470-8712-4C53-9793-90893DFEEF16} = {DF397B1B-E6C3-4A91-A123-E8DA055920B0}
		{BD12D5AA-FDC5-4FBF-9A2E-B8C235A45F7E} = {DF397B1B-E6C3-4A91-A123-E8DA055920B0}
	EndGlobalSection
	GlobalSection(ExtensibilityGlobals) = postSolution
		SolutionGuid = {98FFD60E-88AC-433F-B82E-E0DD8E7FAC35}
	EndGlobalSection
EndGlobal
